Microsoft Visual Studio Solution File, Format Version 11.00
# Visual Studio 2008

Project("{203DE9AA-F8B5-9C40-86E2-2518B42A9AED}") = "3DArcada2", "Assembly-CSharp.csproj", "{19D740E8-CBCC-CC68-1F2E-A352AE7D4EDB}"
EndProject
Global
	GlobalSection(SolutionConfigurationPlatforms) = preSolution
		Debug|Any CPU = Debug|Any CPU
		Release|Any CPU = Release|Any CPU
	EndGlobalSection
	GlobalSection(ProjectConfigurationPlatforms) = postSolution
		{19D740E8-CBCC-CC68-1F2E-A352AE7D4EDB}.Debug|Any CPU.ActiveCfg = Debug|Any CPU
		{19D740E8-CBCC-CC68-1F2E-A352AE7D4EDB}.Debug|Any CPU.Build.0 = Debug|Any CPU
		{19D740E8-CBCC-CC68-1F2E-A352AE7D4EDB}.Release|Any CPU.ActiveCfg = Release|Any CPU
		{19D740E8-CBCC-CC68-1F2E-A352AE7D4EDB}.Release|Any CPU.Build.0 = Release|Any CPU
	EndGlobalSection
	GlobalSection(SolutionProperties) = preSolution
		HideSolutionNode = FALSE
	EndGlobalSection
	GlobalSection(MonoDevelopProperties) = preSolution
		StartupItem = Assembly-CSharp.csproj
	EndGlobalSection
EndGlobal
